
Microsoft Visual Studio Solution File, Format Version 12.00
# Visual Studio Version 17
VisualStudioVersion = 17.8.34525.116
MinimumVisualStudioVersion = 10.0.40219.1
Project("{FAE04EC0-301F-11D3-BF4B-00C04F79EFBC}") = "Kitaplik_Projesi", "Kitaplik_Projesi\Kitaplik_Projesi.csproj", "{97D69A20-21EB-4D00-A3CD-CD7AD2936B74}"
EndProject
Global
	GlobalSection(SolutionConfigurationPlatforms) = preSolution
		Debug|Any CPU = Debug|Any CPU
		Release|Any CPU = Release|Any CPU
	EndGlobalSection
	GlobalSection(ProjectConfigurationPlatforms) = postSolution
		{97D69A20-21EB-4D00-A3CD-CD7AD2936B74}.Debug|Any CPU.ActiveCfg = Debug|Any CPU
		{97D69A20-21EB-4D00-A3CD-CD7AD2936B74}.Debug|Any CPU.Build.0 = Debug|Any CPU
		{97D69A20-21EB-4D00-A3CD-CD7AD2936B74}.Release|Any CPU.ActiveCfg = Release|Any CPU
		{97D69A20-21EB-4D00-A3CD-CD7AD2936B74}.Release|Any CPU.Build.0 = Release|Any CPU
	EndGlobalSection
	GlobalSection(SolutionProperties) = preSolution
		HideSolutionNode = FALSE
	EndGlobalSection
	GlobalSection(ExtensibilityGlobals) = postSolution
		SolutionGuid = {EE1F9835-E1A5-42EA-A8C6-B173449D3A60}
	EndGlobalSection
EndGlobal
