
Microsoft Visual Studio Solution File, Format Version 12.00
# Visual Studio Version 17
VisualStudioVersion = 17.8.34525.116
MinimumVisualStudioVersion = 10.0.40219.1
Project("{FAE04EC0-301F-11D3-BF4B-00C04F79EFBC}") = "Trigger_Kullanimi", "Trigger_Kullanimi\Trigger_Kullanimi.csproj", "{4597D588-C22C-4B31-88E7-B1FEF67197BC}"
EndProject
Global
	GlobalSection(SolutionConfigurationPlatforms) = preSolution
		Debug|Any CPU = Debug|Any CPU
		Release|Any CPU = Release|Any CPU
	EndGlobalSection
	GlobalSection(ProjectConfigurationPlatforms) = postSolution
		{4597D588-C22C-4B31-88E7-B1FEF67197BC}.Debug|Any CPU.ActiveCfg = Debug|Any CPU
		{4597D588-C22C-4B31-88E7-B1FEF67197BC}.Debug|Any CPU.Build.0 = Debug|Any CPU
		{4597D588-C22C-4B31-88E7-B1FEF67197BC}.Release|Any CPU.ActiveCfg = Release|Any CPU
		{4597D588-C22C-4B31-88E7-B1FEF67197BC}.Release|Any CPU.Build.0 = Release|Any CPU
	EndGlobalSection
	GlobalSection(SolutionProperties) = preSolution
		HideSolutionNode = FALSE
	EndGlobalSection
	GlobalSection(ExtensibilityGlobals) = postSolution
		SolutionGuid = {458A72C4-7BB3-43D4-B565-7B4BE75C0B14}
	EndGlobalSection
EndGlobal
