
Microsoft Visual Studio Solution File, Format Version 12.00
# Visual Studio Version 17
VisualStudioVersion = 17.8.34525.116
MinimumVisualStudioVersion = 10.0.40219.1
Project("{FAE04EC0-301F-11D3-BF4B-00C04F79EFBC}") = "AkaryakitStokTakipSistemi", "AkaryakitStokTakipSistemi\AkaryakitStokTakipSistemi.csproj", "{9D1A229D-07A4-430D-BC46-18F9A23754C5}"
EndProject
Global
	GlobalSection(SolutionConfigurationPlatforms) = preSolution
		Debug|Any CPU = Debug|Any CPU
		Release|Any CPU = Release|Any CPU
	EndGlobalSection
	GlobalSection(ProjectConfigurationPlatforms) = postSolution
		{9D1A229D-07A4-430D-BC46-18F9A23754C5}.Debug|Any CPU.ActiveCfg = Debug|Any CPU
		{9D1A229D-07A4-430D-BC46-18F9A23754C5}.Debug|Any CPU.Build.0 = Debug|Any CPU
		{9D1A229D-07A4-430D-BC46-18F9A23754C5}.Release|Any CPU.ActiveCfg = Release|Any CPU
		{9D1A229D-07A4-430D-BC46-18F9A23754C5}.Release|Any CPU.Build.0 = Release|Any CPU
	EndGlobalSection
	GlobalSection(SolutionProperties) = preSolution
		HideSolutionNode = FALSE
	EndGlobalSection
	GlobalSection(ExtensibilityGlobals) = postSolution
		SolutionGuid = {50DA74C5-4685-4BEB-920F-7FA10D49C95F}
	EndGlobalSection
EndGlobal
