
Microsoft Visual Studio Solution File, Format Version 12.00
# Visual Studio Version 17
VisualStudioVersion = 17.8.34525.116
MinimumVisualStudioVersion = 10.0.40219.1
Project("{FAE04EC0-301F-11D3-BF4B-00C04F79EFBC}") = "Excel_Veritabani_Projesi", "Excel_Veritabani_Projesi\Excel_Veritabani_Projesi.csproj", "{F2EFE360-D3F9-4599-B394-ABE6CC872291}"
EndProject
Global
	GlobalSection(SolutionConfigurationPlatforms) = preSolution
		Debug|Any CPU = Debug|Any CPU
		Release|Any CPU = Release|Any CPU
	EndGlobalSection
	GlobalSection(ProjectConfigurationPlatforms) = postSolution
		{F2EFE360-D3F9-4599-B394-ABE6CC872291}.Debug|Any CPU.ActiveCfg = Debug|Any CPU
		{F2EFE360-D3F9-4599-B394-ABE6CC872291}.Debug|Any CPU.Build.0 = Debug|Any CPU
		{F2EFE360-D3F9-4599-B394-ABE6CC872291}.Release|Any CPU.ActiveCfg = Release|Any CPU
		{F2EFE360-D3F9-4599-B394-ABE6CC872291}.Release|Any CPU.Build.0 = Release|Any CPU
	EndGlobalSection
	GlobalSection(SolutionProperties) = preSolution
		HideSolutionNode = FALSE
	EndGlobalSection
	GlobalSection(ExtensibilityGlobals) = postSolution
		SolutionGuid = {F2C6CE4C-D657-4547-9752-D8C01324C61B}
	EndGlobalSection
EndGlobal
